
Microsoft Visual Studio Solution File, Format Version 12.00
# Visual Studio Version 17
VisualStudioVersion = 17.8.34525.116
MinimumVisualStudioVersion = 10.0.40219.1
Project("{FAE04EC0-301F-11D3-BF4B-00C04F79EFBC}") = "Kassa", "Kassa\Kassa.csproj", "{11E98569-3E63-4391-A12D-705E740C5F63}"
EndProject
Global
	GlobalSection(SolutionConfigurationPlatforms) = preSolution
		Debug|Any CPU = Debug|Any CPU
		Release|Any CPU = Release|Any CPU
	EndGlobalSection
	GlobalSection(ProjectConfigurationPlatforms) = postSolution
		{11E98569-3E63-4391-A12D-705E740C5F63}.Debug|Any CPU.ActiveCfg = Debug|Any CPU
		{11E98569-3E63-4391-A12D-705E740C5F63}.Debug|Any CPU.Build.0 = Debug|Any CPU
		{11E98569-3E63-4391-A12D-705E740C5F63}.Release|Any CPU.ActiveCfg = Release|Any CPU
		{11E98569-3E63-4391-A12D-705E740C5F63}.Release|Any CPU.Build.0 = Release|Any CPU
	EndGlobalSection
	GlobalSection(SolutionProperties) = preSolution
		HideSolutionNode = FALSE
	EndGlobalSection
	GlobalSection(ExtensibilityGlobals) = postSolution
		SolutionGuid = {F0C8DF98-78F1-477A-AA7B-98875AA96369}
	EndGlobalSection
EndGlobal
